
Microsoft Visual Studio Solution File, Format Version 12.00
# Visual Studio 15
VisualStudioVersion = 15.0.26730.16
MinimumVisualStudioVersion = 10.0.40219.1
Project("{FAE04EC0-301F-11D3-BF4B-00C04F79EFBC}") = "MembershipFunctionAlphaCut", "AlphaCut\MembershipFunctionAlphaCut.csproj", "{0C7AA7C5-E467-43B0-A561-B0B57322B513}"
EndProject
Global
	GlobalSection(SolutionConfigurationPlatforms) = preSolution
		Debug|Any CPU = Debug|Any CPU
		Release|Any CPU = Release|Any CPU
	EndGlobalSection
	GlobalSection(ProjectConfigurationPlatforms) = postSolution
		{0C7AA7C5-E467-43B0-A561-B0B57322B513}.Debug|Any CPU.ActiveCfg = Debug|Any CPU
		{0C7AA7C5-E467-43B0-A561-B0B57322B513}.Debug|Any CPU.Build.0 = Debug|Any CPU
		{0C7AA7C5-E467-43B0-A561-B0B57322B513}.Release|Any CPU.ActiveCfg = Release|Any CPU
		{0C7AA7C5-E467-43B0-A561-B0B57322B513}.Release|Any CPU.Build.0 = Release|Any CPU
	EndGlobalSection
	GlobalSection(SolutionProperties) = preSolution
		HideSolutionNode = FALSE
	EndGlobalSection
	GlobalSection(ExtensibilityGlobals) = postSolution
		SolutionGuid = {EB920CFC-59BF-4714-A9DC-95BEAE9D8DE1}
	EndGlobalSection
EndGlobal
